
Microsoft Visual Studio Solution File, Format Version 12.00
# Visual Studio Version 17
VisualStudioVersion = 17.14.37216.2 d17.14
MinimumVisualStudioVersion = 10.0.40219.1
Project("{FAE04EC0-301F-11D3-BF4B-00C04F79EFBC}") = "CybersecurityBotWPF", "CybersecurityBotWPF\CybersecurityBotWPF.csproj", "{68ACDC14-5B58-4B5A-A23E-C4FE9F7E261B}"
EndProject
Global
	GlobalSection(SolutionConfigurationPlatforms) = preSolution
		Debug|Any CPU = Debug|Any CPU
		Release|Any CPU = Release|Any CPU
	EndGlobalSection
	GlobalSection(ProjectConfigurationPlatforms) = postSolution
		{68ACDC14-5B58-4B5A-A23E-C4FE9F7E261B}.Debug|Any CPU.ActiveCfg = Debug|Any CPU
		{68ACDC14-5B58-4B5A-A23E-C4FE9F7E261B}.Debug|Any CPU.Build.0 = Debug|Any CPU
		{68ACDC14-5B58-4B5A-A23E-C4FE9F7E261B}.Release|Any CPU.ActiveCfg = Release|Any CPU
		{68ACDC14-5B58-4B5A-A23E-C4FE9F7E261B}.Release|Any CPU.Build.0 = Release|Any CPU
	EndGlobalSection
	GlobalSection(SolutionProperties) = preSolution
		HideSolutionNode = FALSE
	EndGlobalSection
	GlobalSection(ExtensibilityGlobals) = postSolution
		SolutionGuid = {301F17B5-4779-4490-BD39-3E03D3B00B7C}
	EndGlobalSection
EndGlobal
